
Microsoft Visual Studio Solution File, Format Version 12.00
# Visual Studio Version 17
VisualStudioVersion = 17.10.34916.146
MinimumVisualStudioVersion = 10.0.40219.1
Project("{FAE04EC0-301F-11D3-BF4B-00C04F79EFBC}") = "OnTheFly.SalesAPI", "OnTheFly.SalesAPI\OnTheFly.SalesAPI.csproj", "{AB45BE71-BF25-466A-8FFA-A82928A6B2F9}"
EndProject
Project("{FAE04EC0-301F-11D3-BF4B-00C04F79EFBC}") = "Models", "Models\Models.csproj", "{76844339-22BE-47BF-BD58-D1FF8F81FDD3}"
EndProject
Global
	GlobalSection(SolutionConfigurationPlatforms) = preSolution
		Debug|Any CPU = Debug|Any CPU
		Release|Any CPU = Release|Any CPU
	EndGlobalSection
	GlobalSection(ProjectConfigurationPlatforms) = postSolution
		{AB45BE71-BF25-466A-8FFA-A82928A6B2F9}.Debug|Any CPU.ActiveCfg = Debug|Any CPU
		{AB45BE71-BF25-466A-8FFA-A82928A6B2F9}.Debug|Any CPU.Build.0 = Debug|Any CPU
		{AB45BE71-BF25-466A-8FFA-A82928A6B2F9}.Release|Any CPU.ActiveCfg = Release|Any CPU
		{AB45BE71-BF25-466A-8FFA-A82928A6B2F9}.Release|Any CPU.Build.0 = Release|Any CPU
		{76844339-22BE-47BF-BD58-D1FF8F81FDD3}.Debug|Any CPU.ActiveCfg = Debug|Any CPU
		{76844339-22BE-47BF-BD58-D1FF8F81FDD3}.Debug|Any CPU.Build.0 = Debug|Any CPU
		{76844339-22BE-47BF-BD58-D1FF8F81FDD3}.Release|Any CPU.ActiveCfg = Release|Any CPU
		{76844339-22BE-47BF-BD58-D1FF8F81FDD3}.Release|Any CPU.Build.0 = Release|Any CPU
	EndGlobalSection
	GlobalSection(SolutionProperties) = preSolution
		HideSolutionNode = FALSE
	EndGlobalSection
	GlobalSection(ExtensibilityGlobals) = postSolution
		SolutionGuid = {80351185-01BB-4ABE-819B-81846BA13DF7}
	EndGlobalSection
EndGlobal
